
Microsoft Visual Studio Solution File, Format Version 12.00
# Visual Studio Version 17
VisualStudioVersion = 17.3.32811.315
MinimumVisualStudioVersion = 10.0.40219.1
Project("{FAE04EC0-301F-11D3-BF4B-00C04F79EFBC}") = "Ejercicio_02.Android", "Ejercicio_02\Ejercicio_02.Android\Ejercicio_02.Android.csproj", "{98EBC225-3F4E-4460-88C6-E2D6333DBEB6}"
EndProject
Project("{FAE04EC0-301F-11D3-BF4B-00C04F79EFBC}") = "Ejercicio_02.iOS", "Ejercicio_02\Ejercicio_02.iOS\Ejercicio_02.iOS.csproj", "{A3BD9D01-FBEF-4957-96A0-6F40A090CEBC}"
EndProject
Project("{FAE04EC0-301F-11D3-BF4B-00C04F79EFBC}") = "Ejercicio_02", "Ejercicio_02\Ejercicio_02\Ejercicio_02.csproj", "{8DB71A7B-534C-446E-8E3D-62B0C7B35058}"
EndProject
Global
	GlobalSection(SolutionConfigurationPlatforms) = preSolution
		Debug|Any CPU = Debug|Any CPU
		Debug|iPhone = Debug|iPhone
		Debug|iPhoneSimulator = Debug|iPhoneSimulator
		Release|Any CPU = Release|Any CPU
		Release|iPhone = Release|iPhone
		Release|iPhoneSimulator = Release|iPhoneSimulator
	EndGlobalSection
	GlobalSection(ProjectConfigurationPlatforms) = postSolution
		{98EBC225-3F4E-4460-88C6-E2D6333DBEB6}.Debug|Any CPU.ActiveCfg = Debug|Any CPU
		{98EBC225-3F4E-4460-88C6-E2D6333DBEB6}.Debug|Any CPU.Build.0 = Debug|Any CPU
		{98EBC225-3F4E-4460-88C6-E2D6333DBEB6}.Debug|Any CPU.Deploy.0 = Debug|Any CPU
		{98EBC225-3F4E-4460-88C6-E2D6333DBEB6}.Debug|iPhone.ActiveCfg = Debug|Any CPU
		{98EBC225-3F4E-4460-88C6-E2D6333DBEB6}.Debug|iPhone.Build.0 = Debug|Any CPU
		{98EBC225-3F4E-4460-88C6-E2D6333DBEB6}.Debug|iPhone.Deploy.0 = Debug|Any CPU
		{98EBC225-3F4E-4460-88C6-E2D6333DBEB6}.Debug|iPhoneSimulator.ActiveCfg = Debug|Any CPU
		{98EBC225-3F4E-4460-88C6-E2D6333DBEB6}.Debug|iPhoneSimulator.Build.0 = Debug|Any CPU
		{98EBC225-3F4E-4460-88C6-E2D6333DBEB6}.Debug|iPhoneSimulator.Deploy.0 = Debug|Any CPU
		{98EBC225-3F4E-4460-88C6-E2D6333DBEB6}.Release|Any CPU.ActiveCfg = Release|Any CPU
		{98EBC225-3F4E-4460-88C6-E2D6333DBEB6}.Release|Any CPU.Build.0 = Release|Any CPU
		{98EBC225-3F4E-4460-88C6-E2D6333DBEB6}.Release|Any CPU.Deploy.0 = Release|Any CPU
		{98EBC225-3F4E-4460-88C6-E2D6333DBEB6}.Release|iPhone.ActiveCfg = Release|Any CPU
		{98EBC225-3F4E-4460-88C6-E2D6333DBEB6}.Release|iPhone.Build.0 = Release|Any CPU
		{98EBC225-3F4E-4460-88C6-E2D6333DBEB6}.Release|iPhone.Deploy.0 = Release|Any CPU
		{98EBC225-3F4E-4460-88C6-E2D6333DBEB6}.Release|iPhoneSimulator.ActiveCfg = Release|Any CPU
		{98EBC225-3F4E-4460-88C6-E2D6333DBEB6}.Release|iPhoneSimulator.Build.0 = Release|Any CPU
		{98EBC225-3F4E-4460-88C6-E2D6333DBEB6}.Release|iPhoneSimulator.Deploy.0 = Release|Any CPU
		{A3BD9D01-FBEF-4957-96A0-6F40A090CEBC}.Debug|Any CPU.ActiveCfg = Debug|iPhone
		{A3BD9D01-FBEF-4957-96A0-6F40A090CEBC}.Debug|Any CPU.Build.0 = Debug|iPhone
		{A3BD9D01-FBEF-4957-96A0-6F40A090CEBC}.Debug|Any CPU.Deploy.0 = Debug|iPhone
		{A3BD9D01-FBEF-4957-96A0-6F40A090CEBC}.Debug|iPhone.ActiveCfg = Debug|iPhone
		{A3BD9D01-FBEF-4957-96A0-6F40A090CEBC}.Debug|iPhone.Build.0 = Debug|iPhone
		{A3BD9D01-FBEF-4957-96A0-6F40A090CEBC}.Debug|iPhone.Deploy.0 = Debug|iPhone
		{A3BD9D01-FBEF-4957-96A0-6F40A090CEBC}.Debug|iPhoneSimulator.ActiveCfg = Debug|iPhoneSimulator
		{A3BD9D01-FBEF-4957-96A0-6F40A090CEBC}.Debug|iPhoneSimulator.Build.0 = Debug|iPhoneSimulator
		{A3BD9D01-FBEF-4957-96A0-6F40A090CEBC}.Debug|iPhoneSimulator.Deploy.0 = Debug|iPhoneSimulator
		{A3BD9D01-FBEF-4957-96A0-6F40A090CEBC}.Release|Any CPU.ActiveCfg = Release|iPhoneSimulator
		{A3BD9D01-FBEF-4957-96A0-6F40A090CEBC}.Release|Any CPU.Build.0 = Release|iPhoneSimulator
		{A3BD9D01-FBEF-4957-96A0-6F40A090CEBC}.Release|Any CPU.Deploy.0 = Release|iPhoneSimulator
		{A3BD9D01-FBEF-4957-96A0-6F40A090CEBC}.Release|iPhone.ActiveCfg = Release|iPhone
		{A3BD9D01-FBEF-4957-96A0-6F40A090CEBC}.Release|iPhone.Build.0 = Release|iPhone
		{A3BD9D01-FBEF-4957-96A0-6F40A090CEBC}.Release|iPhone.Deploy.0 = Release|iPhone
		{A3BD9D01-FBEF-4957-96A0-6F40A090CEBC}.Release|iPhoneSimulator.ActiveCfg = Release|iPhoneSimulator
		{A3BD9D01-FBEF-4957-96A0-6F40A090CEBC}.Release|iPhoneSimulator.Build.0 = Release|iPhoneSimulator
		{A3BD9D01-FBEF-4957-96A0-6F40A090CEBC}.Release|iPhoneSimulator.Deploy.0 = Release|iPhoneSimulator
		{8DB71A7B-534C-446E-8E3D-62B0C7B35058}.Debug|Any CPU.ActiveCfg = Debug|Any CPU
		{8DB71A7B-534C-446E-8E3D-62B0C7B35058}.Debug|Any CPU.Build.0 = Debug|Any CPU
		{8DB71A7B-534C-446E-8E3D-62B0C7B35058}.Debug|Any CPU.Deploy.0 = Debug|Any CPU
		{8DB71A7B-534C-446E-8E3D-62B0C7B35058}.Debug|iPhone.ActiveCfg = Debug|Any CPU
		{8DB71A7B-534C-446E-8E3D-62B0C7B35058}.Debug|iPhone.Build.0 = Debug|Any CPU
		{8DB71A7B-534C-446E-8E3D-62B0C7B35058}.Debug|iPhone.Deploy.0 = Debug|Any CPU
		{8DB71A7B-534C-446E-8E3D-62B0C7B35058}.Debug|iPhoneSimulator.ActiveCfg = Debug|Any CPU
		{8DB71A7B-534C-446E-8E3D-62B0C7B35058}.Debug|iPhoneSimulator.Build.0 = Debug|Any CPU
		{8DB71A7B-534C-446E-8E3D-62B0C7B35058}.Debug|iPhoneSimulator.Deploy.0 = Debug|Any CPU
		{8DB71A7B-534C-446E-8E3D-62B0C7B35058}.Release|Any CPU.ActiveCfg = Release|Any CPU
		{8DB71A7B-534C-446E-8E3D-62B0C7B35058}.Release|Any CPU.Build.0 = Release|Any CPU
		{8DB71A7B-534C-446E-8E3D-62B0C7B35058}.Release|Any CPU.Deploy.0 = Release|Any CPU
		{8DB71A7B-534C-446E-8E3D-62B0C7B35058}.Release|iPhone.ActiveCfg = Release|Any CPU
		{8DB71A7B-534C-446E-8E3D-62B0C7B35058}.Release|iPhone.Build.0 = Release|Any CPU
		{8DB71A7B-534C-446E-8E3D-62B0C7B35058}.Release|iPhone.Deploy.0 = Release|Any CPU
		{8DB71A7B-534C-446E-8E3D-62B0C7B35058}.Release|iPhoneSimulator.ActiveCfg = Release|Any CPU
		{8DB71A7B-534C-446E-8E3D-62B0C7B35058}.Release|iPhoneSimulator.Build.0 = Release|Any CPU
		{8DB71A7B-534C-446E-8E3D-62B0C7B35058}.Release|iPhoneSimulator.Deploy.0 = Release|Any CPU
	EndGlobalSection
	GlobalSection(SolutionProperties) = preSolution
		HideSolutionNode = FALSE
	EndGlobalSection
	GlobalSection(ExtensibilityGlobals) = postSolution
		SolutionGuid = {30AC0037-9D2E-4D9A-97EF-65550EA04241}
	EndGlobalSection
EndGlobal
